// !$*UTF8*$!
{
	archiveVersion = 1;
	classes = {
	};
	objectVersion = 46;
	objects = {

/* Begin PBXBuildFile section */
		B0C5356B1BBAF61400FC670F /* main.m in Sources */ = {isa = PBXBuildFile; fileRef = B0C5356A1BBAF61400FC670F /* main.m */; };
		B0C5356E1BBAF61400FC670F /* AppDelegate.m in Sources */ = {isa = PBXBuildFile; fileRef = B0C5356D1BBAF61400FC670F /* AppDelegate.m */; };
		B0C535711BBAF61400FC670F /* ViewController.m in Sources */ = {isa = PBXBuildFile; fileRef = B0C535701BBAF61400FC670F /* ViewController.m */; };
		B0C535741BBAF61400FC670F /* Main.storyboard in Resources */ = {isa = PBXBuildFile; fileRef = B0C535721BBAF61400FC670F /* Main.storyboard */; };
		B0C535761BBAF61400FC670F /* Assets.xcassets in Resources */ = {isa = PBXBuildFile; fileRef = B0C535751BBAF61400FC670F /* Assets.xcassets */; };
		B0C5357E1BBAF62000FC670F /* CoreBluetooth.framework in Frameworks */ = {isa = PBXBuildFile; fileRef = B0C5357D1BBAF62000FC670F /* CoreBluetooth.framework */; };
/* End PBXBuildFile section */

/* Begin PBXFileReference section */
		B0C535661BBAF61400FC670F /* BeaconTest.app */ = {isa = PBXFileReference; explicitFileType = wrapper.application; includeInIndex = 0; path = BeaconTest.app; sourceTree = BUILT_PRODUCTS_DIR; };
		B0C5356A1BBAF61400FC670F /* main.m */ = {isa = PBXFileReference; lastKnownFileType = sourcecode.c.objc; path = main.m; sourceTree = "<group>"; };
		B0C5356C1BBAF61400FC670F /* AppDelegate.h */ = {isa = PBXFileReference; lastKnownFileType = sourcecode.c.h; path = AppDelegate.h; sourceTree = "<group>"; };
		B0C5356D1BBAF61400FC670F /* AppDelegate.m */ = {isa = PBXFileReference; lastKnownFileType = sourcecode.c.objc; path = AppDelegate.m; sourceTree = "<group>"; };
		B0C5356F1BBAF61400FC670F /* ViewController.h */ = {isa = PBXFileReference; lastKnownFileType = sourcecode.c.h; path = ViewController.h; sourceTree = "<group>"; };
		B0C535701BBAF61400FC670F /* ViewController.m */ = {isa = PBXFileReference; lastKnownFileType = sourcecode.c.objc; path = ViewController.m; sourceTree = "<group>"; };
		B0C535731BBAF61400FC670F /* Base */ = {isa = PBXFileReference; lastKnownFileType = file.storyboard; name = Base; path = Base.lproj/Main.storyboard; sourceTree = "<group>"; };
		B0C535751BBAF61400FC670F /* Assets.xcassets */ = {isa = PBXFileReference; lastKnownFileType = folder.assetcatalog; path = Assets.xcassets; sourceTree = "<group>"; };
		B0C535771BBAF61400FC670F /* Info.plist */ = {isa = PBXFileReference; lastKnownFileType = text.plist.xml; path = Info.plist; sourceTree = "<group>"; };
		B0C5357D1BBAF62000FC670F /* CoreBluetooth.framework */ = {isa = PBXFileReference; lastKnownFileType = wrapper.framework; name = CoreBluetooth.framework; path = System/Library/Frameworks/CoreBluetooth.framework; sourceTree = SDKROOT; };
/* End PBXFileReference section */

/* Begin PBXFrameworksBuildPhase section */
		B0C535631BBAF61400FC670F /* Frameworks */ = {
			isa = PBXFrameworksBuildPhase;
			buildActionMask = 2147483647;
			files = (
				B0C5357E1BBAF62000FC670F /* CoreBluetooth.framework in Frameworks */,
			);
			runOnlyForDeploymentPostprocessing = 0;
		};
/* End PBXFrameworksBuildPhase section */

/* Begin PBXGroup section */
		B0C5355D1BBAF61300FC670F = {
			isa = PBXGroup;
			children = (
				B0C5357D1BBAF62000FC670F /* CoreBluetooth.framework */,
				B0C535681BBAF61400FC670F /* BeaconTest */,
				B0C535671BBAF61400FC670F /* Products */,
			);
			sourceTree = "<group>";
		};
		B0C535671BBAF61400FC670F /* Products */ = {
			isa = PBXGroup;
			children = (
				B0C535661BBAF61400FC670F /* BeaconTest.app */,
			);
			name = Products;
			sourceTree = "<group>";
		};
		B0C535681BBAF61400FC670F /* BeaconTest */ = {
			isa = PBXGroup;
			children = (
				B0C5356C1BBAF61400FC670F /* AppDelegate.h */,
				B0C5356D1BBAF61400FC670F /* AppDelegate.m */,
				B0C5356F1BBAF61400FC670F /* ViewController.h */,
				B0C535701BBAF61400FC670F /* ViewController.m */,
				B0C535721BBAF61400FC670F /* Main.storyboard */,
				B0C535751BBAF61400FC670F /* Assets.xcassets */,
				B0C535771BBAF61400FC670F /* Info.plist */,
				B0C535691BBAF61400FC670F /* Supporting Files */,
			);
			path = BeaconTest;
			sourceTree = "<group>";
		};
		B0C535691BBAF61400FC670F /* Supporting Files */ = {
			isa = PBXGroup;
			children = (
				B0C5356A1BBAF61400FC670F /* main.m */,
			);
			name = "Supporting Files";
			sourceTree = "<group>";
		};
/* End PBXGroup section */

/* Begin PBXNativeTarget section */
		B0C535651BBAF61400FC670F /* BeaconTest */ = {
			isa = PBXNativeTarget;
			buildConfigurationList = B0C5357A1BBAF61400FC670F /* Build configuration list for PBXNativeTarget "BeaconTest" */;
			buildPhases = (
				B0C535621BBAF61400FC670F /* Sources */,
				B0C535631BBAF61400FC670F /* Frameworks */,
				B0C535641BBAF61400FC670F /* Resources */,
			);
			buildRules = (
			);
			dependencies = (
			);
			name = BeaconTest;
			productName = BeaconTest;
			productReference = B0C535661BBAF61400FC670F /* BeaconTest.app */;
			productType = "com.apple.product-type.application";
		};
/* End PBXNativeTarget section */

/* Begin PBXProject section */
		B0C5355E1BBAF61300FC670F /* Project object */ = {
			isa = PBXProject;
			attributes = {
				LastUpgradeCheck = 0710;
				ORGANIZATIONNAME = "Wayne Hartman";
				TargetAttributes = {
					B0C535651BBAF61400FC670F = {
						CreatedOnToolsVersion = 7.1;
					};
				};
			};
			buildConfigurationList = B0C535611BBAF61300FC670F /* Build configuration list for PBXProject "BeaconTest" */;
			compatibilityVersion = "Xcode 3.2";
			developmentRegion = English;
			hasScannedForEncodings = 0;
			knownRegions = (
				en,
				Base,
			);
			mainGroup = B0C5355D1BBAF61300FC670F;
			productRefGroup = B0C535671BBAF61400FC670F /* Products */;
			projectDirPath = "";
			projectRoot = "";
			targets = (
				B0C535651BBAF61400FC670F /* BeaconTest */,
			);
		};
/* End PBXProject section */

/* Begin PBXResourcesBuildPhase section */
		B0C535641BBAF61400FC670F /* Resources */ = {
			isa = PBXResourcesBuildPhase;
			buildActionMask = 2147483647;
			files = (
				B0C535761BBAF61400FC670F /* Assets.xcassets in Resources */,
				B0C535741BBAF61400FC670F /* Main.storyboard in Resources */,
			);
			runOnlyForDeploymentPostprocessing = 0;
		};
/* End PBXResourcesBuildPhase section */

/* Begin PBXSourcesBuildPhase section */
		B0C535621BBAF61400FC670F /* Sources */ = {
			isa = PBXSourcesBuildPhase;
			buildActionMask = 2147483647;
			files = (
				B0C535711BBAF61400FC670F /* ViewController.m in Sources */,
				B0C5356E1BBAF61400FC670F /* AppDelegate.m in Sources */,
				B0C5356B1BBAF61400FC670F /* main.m in Sources */,
			);
			runOnlyForDeploymentPostprocessing = 0;
		};
/* End PBXSourcesBuildPhase section */

/* Begin PBXVariantGroup section */
		B0C535721BBAF61400FC670F /* Main.storyboard */ = {
			isa = PBXVariantGroup;
			children = (
				B0C535731BBAF61400FC670F /* Base */,
			);
			name = Main.storyboard;
			sourceTree = "<group>";
		};
/* End PBXVariantGroup section */

/* Begin XCBuildConfiguration section */
		B0C535781BBAF61400FC670F /* Debug */ = {
			isa = XCBuildConfiguration;
			buildSettings = {
				ALWAYS_SEARCH_USER_PATHS = NO;
				CLANG_CXX_LANGUAGE_STANDARD = "gnu++0x";
				CLANG_CXX_LIBRARY = "libc++";
				CLANG_ENABLE_MODULES = YES;
				CLANG_ENABLE_OBJC_ARC = YES;
				CLANG_WARN_BOOL_CONVERSION = YES;
				CLANG_WARN_CONSTANT_CONVERSION = YES;
				CLANG_WARN_DIRECT_OBJC_ISA_USAGE = YES_ERROR;
				CLANG_WARN_EMPTY_BODY = YES;
				CLANG_WARN_ENUM_CONVERSION = YES;
				CLANG_WARN_INT_CONVERSION = YES;
				CLANG_WARN_OBJC_ROOT_CLASS = YES_ERROR;
				CLANG_WARN_UNREACHABLE_CODE = YES;
				CLANG_WARN__DUPLICATE_METHOD_MATCH = YES;
				COPY_PHASE_STRIP = NO;
				DEBUG_INFORMATION_FORMAT = dwarf;
				ENABLE_STRICT_OBJC_MSGSEND = YES;
				ENABLE_TESTABILITY = YES;
				GCC_C_LANGUAGE_STANDARD = gnu99;
				GCC_DYNAMIC_NO_PIC = NO;
				GCC_NO_COMMON_BLOCKS = YES;
				GCC_OPTIMIZATION_LEVEL = 0;
				GCC_PREPROCESSOR_DEFINITIONS = (
					"DEBUG=1",
					"$(inherited)",
				);
				GCC_WARN_64_TO_32_BIT_CONVERSION = YES;
				GCC_WARN_ABOUT_RETURN_TYPE = YES_ERROR;
				GCC_WARN_UNDECLARED_SELECTOR = YES;
				GCC_WARN_UNINITIALIZED_AUTOS = YES_AGGRESSIVE;
				GCC_WARN_UNUSED_FUNCTION = YES;
				GCC_WARN_UNUSED_VARIABLE = YES;
				MTL_ENABLE_DEBUG_INFO = YES;
				ONLY_ACTIVE_ARCH = YES;
				SDKROOT = appletvos;
				TARGETED_DEVICE_FAMILY = 3;
				TVOS_DEPLOYMENT_TARGET = 9.0;
			};
			name = Debug;
		};
		B0C535791BBAF61400FC670F /* Release */ = {
			isa = XCBuildConfiguration;
			buildSettings = {
				ALWAYS_SEARCH_USER_PATHS = NO;
				CLANG_CXX_LANGUAGE_STANDARD = "gnu++0x";
				CLANG_CXX_LIBRARY = "libc++";
				CLANG_ENABLE_MODULES = YES;
				CLANG_ENABLE_OBJC_ARC = YES;
				CLANG_WARN_BOOL_CONVERSION = YES;
				CLANG_WARN_CONSTANT_CONVERSION = YES;
				CLANG_WARN_DIRECT_OBJC_ISA_USAGE = YES_ERROR;
				CLANG_WARN_EMPTY_BODY = YES;
				CLANG_WARN_ENUM_CONVERSION = YES;
				CLANG_WARN_INT_CONVERSION = YES;
				CLANG_WARN_OBJC_ROOT_CLASS = YES_ERROR;
				CLANG_WARN_UNREACHABLE_CODE = YES;
				CLANG_WARN__DUPLICATE_METHOD_MATCH = YES;
				COPY_PHASE_STRIP = NO;
				DEBUG_INFORMATION_FORMAT = "dwarf-with-dsym";
				ENABLE_NS_ASSERTIONS = NO;
				ENABLE_STRICT_OBJC_MSGSEND = YES;
				GCC_C_LANGUAGE_STANDARD = gnu99;
				GCC_NO_COMMON_BLOCKS = YES;
				GCC_WARN_64_TO_32_BIT_CONVERSION = YES;
				GCC_WARN_ABOUT_RETURN_TYPE = YES_ERROR;
				GCC_WARN_UNDECLARED_SELECTOR = YES;
				GCC_WARN_UNINITIALIZED_AUTOS = YES_AGGRESSIVE;
				GCC_WARN_UNUSED_FUNCTION = YES;
				GCC_WARN_UNUSED_VARIABLE = YES;
				MTL_ENABLE_DEBUG_INFO = NO;
				SDKROOT = appletvos;
				TARGETED_DEVICE_FAMILY = 3;
				TVOS_DEPLOYMENT_TARGET = 9.0;
				VALIDATE_PRODUCT = YES;
			};
			name = Release;
		};
		B0C5357B1BBAF61400FC670F /* Debug */ = {
			isa = XCBuildConfiguration;
			buildSettings = {
				ASSETCATALOG_COMPILER_APPICON_NAME = "App Icon & Top Shelf Image";
				ASSETCATALOG_COMPILER_LAUNCHIMAGE_NAME = LaunchImage;
				INFOPLIST_FILE = BeaconTest/Info.plist;
				LD_RUNPATH_SEARCH_PATHS = "$(inherited) @executable_path/Frameworks";
				PRODUCT_BUNDLE_IDENTIFIER = com.waynehartman.BeaconTest;
				PRODUCT_NAME = "$(TARGET_NAME)";
			};
			name = Debug;
		};
		B0C5357C1BBAF61400FC670F /* Release */ = {
			isa = XCBuildConfiguration;
			buildSettings = {
				ASSETCATALOG_COMPILER_APPICON_NAME = "App Icon & Top Shelf Image";
				ASSETCATALOG_COMPILER_LAUNCHIMAGE_NAME = LaunchImage;
				INFOPLIST_FILE = BeaconTest/Info.plist;
				LD_RUNPATH_SEARCH_PATHS = "$(inherited) @executable_path/Frameworks";
				PRODUCT_BUNDLE_IDENTIFIER = com.waynehartman.BeaconTest;
				PRODUCT_NAME = "$(TARGET_NAME)";
			};
			name = Release;
		};
/* End XCBuildConfiguration section */

/* Begin XCConfigurationList section */
		B0C535611BBAF61300FC670F /* Build configuration list for PBXProject "BeaconTest" */ = {
			isa = XCConfigurationList;
			buildConfigurations = (
				B0C535781BBAF61400FC670F /* Debug */,
				B0C535791BBAF61400FC670F /* Release */,
			);
			defaultConfigurationIsVisible = 0;
			defaultConfigurationName = Release;
		};
		B0C5357A1BBAF61400FC670F /* Build configuration list for PBXNativeTarget "BeaconTest" */ = {
			isa = XCConfigurationList;
			buildConfigurations = (
				B0C5357B1BBAF61400FC670F /* Debug */,
				B0C5357C1BBAF61400FC670F /* Release */,
			);
			defaultConfigurationIsVisible = 0;
		};
/* End XCConfigurationList section */
	};
	rootObject = B0C5355E1BBAF61300FC670F /* Project object */;
}
